# This file was autogenerated by uv via the following command:
#    uv export --frozen --no-hashes --format requirements-txt --output-file requirements.lock
adaptive-classifier==0.0.12
    # via agenticseek
aiofiles==24.1.0
    # via agenticseek
amqp==5.3.1
    # via kombu
annotated-doc==0.0.5
    # via fastapi
annotated-types==0.7.0
    # via pydantic
anyio==4.9.0
    # via
    #   agenticseek
    #   httpx
    #   openai
    #   starlette
    #   together
asttokens==3.0.0
    # via stack-data
attrs==25.3.0
    # via
    #   outcome
    #   trio
audioread==3.0.1
    # via librosa
beautifulsoup4==4.13.4
    # via
    #   agenticseek
    #   markdownify
billiard==4.2.1
    # via celery
blinker==1.9.0
    # via flask
celery==5.5.3
    # via agenticseek
certifi==2025.4.26
    # via
    #   agenticseek
    #   httpcore
    #   httpx
    #   requests
    #   selenium
cffi==1.17.1
    # via
    #   soundfile
    #   trio
charset-normalizer==3.4.2
    # via requests
chromedriver-autoinstaller==0.6.4
    # via agenticseek
click==8.4.2
    # via
    #   celery
    #   click-didyoumean
    #   click-plugins
    #   click-repl
    #   flask
    #   huggingface-hub
    #   nltk
    #   sacremoses
    #   together
    #   typer
    #   uvicorn
click-didyoumean==0.3.1
    # via celery
click-plugins==1.1.1
    # via celery
click-repl==0.3.0
    # via celery
colorama==0.4.6
    # via
    #   agenticseek
    #   click
    #   ipython
    #   tqdm
cuda-bindings==13.3.1 ; sys_platform == 'linux'
    # via torch
cuda-pathfinder==1.6.1 ; sys_platform == 'linux'
    # via cuda-bindings
cuda-toolkit==13.0.3.0 ; sys_platform == 'linux'
    # via torch
decorator==5.2.1
    # via
    #   ipython
    #   librosa
defusedxml==0.7.1
    # via nltk
distro==1.9.0
    # via
    #   agenticseek
    #   openai
    #   together
emoji==2.14.1
    # via text2emotion
executing==2.2.0
    # via stack-data
faiss-cpu==1.11.0
    # via adaptive-classifier
fake-useragent==2.2.0
    # via agenticseek
fastapi==0.141.1
    # via agenticseek
filelock==3.32.3
    # via
    #   agenticseek
    #   huggingface-hub
    #   together
    #   torch
flask==3.1.3
    # via agenticseek
fsspec==2025.5.1
    # via
    #   huggingface-hub
    #   torch
h11==0.16.0
    # via
    #   httpcore
    #   uvicorn
    #   wsproto
hf-xet==1.6.0 ; platform_machine == 'AMD64' or platform_machine == 'aarch64' or platform_machine == 'amd64' or platform_machine == 'arm64' or platform_machine == 'x86_64'
    # via huggingface-hub
httpcore==1.0.9
    # via httpx
httpx==0.28.1
    # via
    #   agenticseek
    #   huggingface-hub
    #   ollama
    #   openai
    #   together
huggingface-hub==1.28.0
    # via
    #   adaptive-classifier
    #   tokenizers
    #   transformers
idna==3.19
    # via
    #   agenticseek
    #   anyio
    #   httpx
    #   requests
    #   trio
ipython==9.3.0
    # via agenticseek
ipython-pygments-lexers==1.1.1
    # via ipython
itsdangerous==2.2.0
    # via flask
jedi==0.19.2
    # via ipython
jinja2==3.1.6
    # via
    #   flask
    #   torch
jiter==0.10.0
    # via
    #   agenticseek
    #   openai
joblib==1.5.1
    # via
    #   librosa
    #   nltk
    #   sacremoses
    #   scikit-learn
kombu==5.5.4
    # via celery
langid==1.1.6
    # via agenticseek
lazy-loader==0.4
    # via librosa
librosa==0.11.0
    # via agenticseek
llvmlite==0.44.0
    # via numba
markdown-it-py==3.0.0
    # via rich
markdownify==1.1.0
    # via agenticseek
markupsafe==3.0.2
    # via
    #   flask
    #   jinja2
    #   werkzeug
matplotlib-inline==0.1.7
    # via ipython
mdurl==0.1.2
    # via markdown-it-py
ml-dtypes==0.6.0
    # via onnx
mpmath==1.3.0
    # via sympy
msgpack==1.2.1
    # via
    #   agenticseek
    #   librosa
networkx==3.5
    # via torch
nltk==3.10.3
    # via
    #   agenticseek
    #   text2emotion
numba==0.61.2
    # via librosa
numpy==2.2.6
    # via
    #   adaptive-classifier
    #   agenticseek
    #   faiss-cpu
    #   langid
    #   librosa
    #   ml-dtypes
    #   numba
    #   onnx
    #   scikit-learn
    #   scipy
    #   soundfile
    #   soxr
    #   transformers
nvidia-cublas==13.1.1.3 ; sys_platform == 'linux'
    # via
    #   cuda-toolkit
    #   nvidia-cudnn-cu13
    #   nvidia-cusolver
nvidia-cuda-cupti==13.0.85 ; (platform_machine == 'aarch64' and sys_platform == 'linux') or (platform_machine == 'x86_64' and sys_platform == 'linux')
    # via cuda-toolkit
nvidia-cuda-nvrtc==13.0.88 ; sys_platform == 'linux'
    # via
    #   cuda-toolkit
    #   nvidia-cublas
nvidia-cuda-runtime==13.0.96 ; (platform_machine == 'aarch64' and sys_platform == 'linux') or (platform_machine == 'x86_64' and sys_platform == 'linux')
    # via cuda-toolkit
nvidia-cudnn-cu13==9.20.0.48 ; sys_platform == 'linux'
    # via torch
nvidia-cufft==12.0.0.61 ; (platform_machine == 'aarch64' and sys_platform == 'linux') or (platform_machine == 'x86_64' and sys_platform == 'linux')
    # via cuda-toolkit
nvidia-cufile==1.15.1.6 ; (platform_machine == 'aarch64' and sys_platform == 'linux') or (platform_machine == 'x86_64' and sys_platform == 'linux')
    # via cuda-toolkit
nvidia-curand==10.4.0.35 ; (platform_machine == 'aarch64' and sys_platform == 'linux') or (platform_machine == 'x86_64' and sys_platform == 'linux')
    # via cuda-toolkit
nvidia-cusolver==12.0.4.66 ; (platform_machine == 'aarch64' and sys_platform == 'linux') or (platform_machine == 'x86_64' and sys_platform == 'linux')
    # via cuda-toolkit
nvidia-cusparse==12.6.3.3 ; (platform_machine == 'aarch64' and sys_platform == 'linux') or (platform_machine == 'x86_64' and sys_platform == 'linux')
    # via
    #   cuda-toolkit
    #   nvidia-cusolver
nvidia-cusparselt-cu13==0.8.1 ; sys_platform == 'linux'
    # via torch
nvidia-nccl-cu13==2.29.7 ; sys_platform == 'linux'
    # via torch
nvidia-nvjitlink==13.3.33 ; (platform_machine == 'aarch64' and sys_platform == 'linux') or (platform_machine == 'x86_64' and sys_platform == 'linux')
    # via
    #   cuda-toolkit
    #   nvidia-cufft
    #   nvidia-cusolver
    #   nvidia-cusparse
nvidia-nvshmem-cu13==3.4.5 ; sys_platform == 'linux'
    # via torch
nvidia-nvtx==13.0.85 ; (platform_machine == 'aarch64' and sys_platform == 'linux') or (platform_machine == 'x86_64' and sys_platform == 'linux')
    # via cuda-toolkit
ollama==0.5.1
    # via agenticseek
onnx==1.22.0
    # via agenticseek
openai==1.84.0
    # via agenticseek
ordered-set==4.1.0
    # via agenticseek
outcome==1.3.0.post0
    # via
    #   trio
    #   trio-websocket
packaging==25.0
    # via
    #   chromedriver-autoinstaller
    #   faiss-cpu
    #   huggingface-hub
    #   kombu
    #   lazy-loader
    #   pooch
    #   transformers
    #   wheel
parso==0.8.4
    # via jedi
pexpect==4.9.0 ; sys_platform != 'emscripten' and sys_platform != 'win32'
    # via ipython
pillow==12.3.0
    # via
    #   agenticseek
    #   together
platformdirs==4.3.8
    # via pooch
playsound3==3.2.4
    # via agenticseek
pooch==1.8.2
    # via librosa
prompt-toolkit==3.0.51
    # via
    #   click-repl
    #   ipython
protobuf==7.36.0
    # via
    #   agenticseek
    #   onnx
ptyprocess==0.7.0 ; sys_platform != 'emscripten' and sys_platform != 'win32'
    # via pexpect
pure-eval==0.2.3
    # via stack-data
pyaudio==0.2.14
    # via agenticseek
pycparser==2.22
    # via cffi
pydantic==2.11.5
    # via
    #   agenticseek
    #   fastapi
    #   ollama
    #   openai
    #   together
pydantic-core==2.33.2
    # via
    #   agenticseek
    #   pydantic
pygments==2.21.0
    # via
    #   agenticseek
    #   ipython
    #   ipython-pygments-lexers
    #   rich
pypdf==6.16.1
    # via agenticseek
pypinyin==0.54.0
    # via agenticseek
pysocks==1.7.1
    # via urllib3
python-dateutil==2.9.0.post0
    # via celery
python-dotenv==1.2.3
    # via agenticseek
pywin32==310 ; sys_platform == 'win32'
    # via playsound3
pyyaml==6.0.2
    # via
    #   huggingface-hub
    #   transformers
regex==2026.7.19
    # via
    #   nltk
    #   sacremoses
    #   transformers
requests==2.34.2
    # via
    #   agenticseek
    #   pooch
    #   undetected-chromedriver
rich==14.0.0
    # via
    #   together
    #   typer
sacremoses==0.1.1
    # via agenticseek
safetensors==0.8.0
    # via
    #   adaptive-classifier
    #   transformers
scikit-learn==1.6.1
    # via
    #   adaptive-classifier
    #   librosa
scipy==1.15.3
    # via
    #   agenticseek
    #   librosa
    #   scikit-learn
selenium==4.32.0
    # via
    #   agenticseek
    #   selenium-stealth
    #   undetected-chromedriver
selenium-stealth==1.0.6
    # via agenticseek
sentencepiece==0.2.2
    # via agenticseek
setuptools==84.0.0
    # via
    #   adaptive-classifier
    #   agenticseek
    #   torch
shellingham==1.5.4
    # via typer
six==1.17.0
    # via
    #   markdownify
    #   python-dateutil
sniffio==1.3.1
    # via
    #   agenticseek
    #   anyio
    #   openai
    #   together
    #   trio
sortedcontainers==2.4.0
    # via trio
soundfile==0.13.1
    # via
    #   agenticseek
    #   librosa
soupsieve==2.9.2
    # via
    #   agenticseek
    #   beautifulsoup4
soxr==0.5.0.post1
    # via librosa
stack-data==0.6.3
    # via ipython
starlette==1.6.0
    # via
    #   agenticseek
    #   fastapi
sympy==1.14.0
    # via torch
tabulate==0.10.0
    # via together
termcolor==3.1.0
    # via agenticseek
text2emotion==0.0.5
    # via agenticseek
threadpoolctl==3.6.0
    # via scikit-learn
together==2.3.0
    # via agenticseek
tokenizers==0.22.2
    # via transformers
torch==2.13.0
    # via
    #   adaptive-classifier
    #   agenticseek
tqdm==4.67.1
    # via
    #   adaptive-classifier
    #   agenticseek
    #   huggingface-hub
    #   nltk
    #   openai
    #   sacremoses
    #   together
    #   transformers
traitlets==5.14.3
    # via
    #   ipython
    #   matplotlib-inline
transformers==5.15.1
    # via
    #   adaptive-classifier
    #   agenticseek
trio==0.30.0
    # via
    #   selenium
    #   trio-websocket
trio-websocket==0.12.2
    # via selenium
triton==3.7.1 ; sys_platform == 'linux'
    # via torch
typer==0.16.0
    # via transformers
types-pyyaml==6.0.12.20250915
    # via together
types-requests==2.32.4.20260107
    # via types-tqdm
types-tabulate==0.9.0.20241207
    # via together
types-tqdm==4.67.3.20260303
    # via together
typing-extensions==4.16.0
    # via
    #   anyio
    #   beautifulsoup4
    #   fastapi
    #   huggingface-hub
    #   ipython
    #   librosa
    #   onnx
    #   openai
    #   pydantic
    #   pydantic-core
    #   selenium
    #   starlette
    #   together
    #   torch
    #   typer
    #   typing-inspection
typing-inspection==0.4.4
    # via
    #   fastapi
    #   pydantic
tzdata==2025.2
    # via kombu
undetected-chromedriver==3.5.5
    # via agenticseek
urllib3==2.7.0
    # via
    #   agenticseek
    #   requests
    #   selenium
    #   types-requests
uvicorn==0.34.3
    # via agenticseek
vine==5.1.0
    # via
    #   amqp
    #   celery
    #   kombu
wcwidth==0.2.13
    # via prompt-toolkit
websocket-client==1.8.0
    # via selenium
websockets==15.0.1
    # via undetected-chromedriver
werkzeug==3.1.8
    # via
    #   agenticseek
    #   flask
wheel==0.48.0
    # via
    #   adaptive-classifier
    #   agenticseek
wsproto==1.2.0
    # via trio-websocket
